
Microsoft Visual Studio Solution File, Format Version 12.00
# Visual Studio Version 17
VisualStudioVersion = 17.8.34511.84
MinimumVisualStudioVersion = 10.0.40219.1
Project("{2150E333-8FDC-42A3-9474-1A3956D46DE8}") = "Solution Items", "Solution Items", "{8A3B33BE-6909-415A-AF70-7EE7E0D6F352}"
	ProjectSection(SolutionItems) = preProject
		.editorconfig = .editorconfig
		Directory.Build.props = Directory.Build.props
		Directory.Build.targets = Directory.Build.targets
		Directory.Packages.props = Directory.Packages.props
		NuGet.config = NuGet.config
		README.md = README.md
	EndProjectSection
EndProject
Project("{2150E333-8FDC-42A3-9474-1A3956D46DE8}") = "workflows", "workflows", "{02EA681E-C7D8-13C7-8484-4AC65E1B71E8}"
	ProjectSection(SolutionItems) = preProject
		.github\dependabot.yml = .github\dependabot.yml
		.github\workflows\release.yml = .github\workflows\release.yml
		.github\workflows\test.yml = .github\workflows\test.yml
	EndProjectSection
EndProject
Project("{FAE04EC0-301F-11D3-BF4B-00C04F79EFBC}") = "Plugin.DependencyAnalyzer", "Plugin.DependencyAnalyzer\Plugin.DependencyAnalyzer.csproj", "{2D9EEA13-9F12-802D-394F-DF3284AAC0E2}"
EndProject
Project("{2150E333-8FDC-42A3-9474-1A3956D46DE8}") = "Scripts", "Scripts", "{11C016C7-912F-4315-B649-5292E8F761E2}"
	ProjectSection(SolutionItems) = preProject
		.github\scripts\Build-ReleasePackage.ps1 = .github\scripts\Build-ReleasePackage.ps1
	EndProjectSection
EndProject
Global
	GlobalSection(SolutionConfigurationPlatforms) = preSolution
		Debug|Any CPU = Debug|Any CPU
		Release|Any CPU = Release|Any CPU
	EndGlobalSection
	GlobalSection(ProjectConfigurationPlatforms) = postSolution
		{2D9EEA13-9F12-802D-394F-DF3284AAC0E2}.Debug|Any CPU.ActiveCfg = Debug|Any CPU
		{2D9EEA13-9F12-802D-394F-DF3284AAC0E2}.Debug|Any CPU.Build.0 = Debug|Any CPU
		{2D9EEA13-9F12-802D-394F-DF3284AAC0E2}.Release|Any CPU.ActiveCfg = Release|Any CPU
		{2D9EEA13-9F12-802D-394F-DF3284AAC0E2}.Release|Any CPU.Build.0 = Release|Any CPU
	EndGlobalSection
	GlobalSection(SolutionProperties) = preSolution
		HideSolutionNode = FALSE
	EndGlobalSection
	GlobalSection(NestedProjects) = preSolution
		{02EA681E-C7D8-13C7-8484-4AC65E1B71E8} = {8A3B33BE-6909-415A-AF70-7EE7E0D6F352}
		{11C016C7-912F-4315-B649-5292E8F761E2} = {8A3B33BE-6909-415A-AF70-7EE7E0D6F352}
	EndGlobalSection
	GlobalSection(ExtensibilityGlobals) = postSolution
		SolutionGuid = {E5CCF0CA-46B8-44C0-BCC9-FC2698AFD7FD}
	EndGlobalSection
EndGlobal
